hash: 0bcb0d3ebe5b963d453c390550ac54b66a09627bf6bbb8e9012c5090a2ca0472
updated: 2016-11-30T13:05:56.119529003+01:00
imports:
- name: github.com/containerops/configure
  version: 84baf0be50b76ac29e00f8c9f4f82283d4e327db
- name: github.com/docker/distribution
  version: 99cb7c0946d2f5a38015443e515dc916295064d7
  subpackages:
  - digest
  - reference
- name: github.com/docker/engine-api
  version: 3d1601b9d2436a70b0dfc045a23f6503d19195df
  subpackages:
  - client
  - client/transport
  - client/transport/cancellable
  - types
  - types/blkiodev
  - types/container
  - types/filters
  - types/network
  - types/reference
  - types/registry
  - types/strslice
  - types/swarm
  - types/time
  - types/versions
- name: github.com/docker/go-connections
  version: 988efe982fdecb46f01d53465878ff1f2ff411ce
  subpackages:
  - nat
  - sockets
  - tlsconfig
- name: github.com/docker/go-units
  version: 0bbddae09c5a5419a8c6dcdd7ff90da3d450393b
- name: github.com/docker/libtrust
  version: aabc10ec26b754e797f9028f4589c5b7bd90dc20
- name: github.com/fernet/fernet-go
  version: 1b2437bc582b3cfbb341ee5a29f8ef5b42912ff2
- name: github.com/fsnotify/fsnotify
  version: fd9ec7deca8bf46ecd2a795baaacf2b3a9be1197
- name: github.com/go-macaron/inject
  version: d8a0b8677191f4380287cfebd08e462217bac7ad
- name: github.com/go-sql-driver/mysql
  version: 4ac31a97ccff97de60ba3c630bfb4733c1bb6d0e
- name: github.com/hashicorp/hcl
  version: 5550aaba7896ad2a161888b40954bc0f0787bb81
  subpackages:
  - hcl/ast
  - hcl/parser
  - hcl/scanner
  - hcl/strconv
  - hcl/token
  - json/parser
  - json/scanner
  - json/token
- name: github.com/inconshreveable/mousetrap
  version: 76626ae9c91c4f2a10f34cad8ce83ea42c93bb75
- name: github.com/jinzhu/gorm
  version: 5174cc5c242a728b435ea2be8a2f7f998e15429b
  subpackages:
  - dialects/mysql
- name: github.com/jinzhu/inflection
  version: 74387dc39a75e970e7a3ae6a3386b5bd2e5c5cff
- name: github.com/magiconair/properties
  version: 9c47895dc1ce54302908ab8a43385d1f5df2c11c
- name: github.com/Microsoft/go-winio
  version: ce2922f643c8fd76b46cadc7f404a06282678b34
- name: github.com/mitchellh/mapstructure
  version: f3009df150dadf309fdee4a54ed65c124afad715
- name: github.com/opencontainers/runc
  version: 02f8fa7863dd3f82909a73e2061897828460d52f
  subpackages:
  - libcontainer/user
- name: github.com/pelletier/go-buffruneio
  version: df1e16fde7fc330a0ca68167c23bf7ed6ac31d6d
- name: github.com/pelletier/go-toml
  version: 7cb988051d5045890cb91402a0b5fddc76c627bc
- name: github.com/satori/go.uuid
  version: 879c5887cd475cd7864858769793b2ceb0d44feb
- name: github.com/Sirupsen/logrus
  version: d26492970760ca5d33129d2d799e34be5c4782eb
- name: github.com/spf13/afero
  version: 06b7e5f50606ecd49148a01a6008942d9b669217
  subpackages:
  - mem
- name: github.com/spf13/cast
  version: 24b6558033ffe202bf42f0f3b870dcc798dd2ba8
- name: github.com/spf13/cobra
  version: 9495bc009a56819bdb0ddbc1a373e29c140bc674
- name: github.com/spf13/jwalterweatherman
  version: 33c24e77fb80341fe7130ee7c594256ff08ccc46
- name: github.com/spf13/pflag
  version: 5ccb023bc27df288a957c5e994cd44fd19619465
- name: github.com/spf13/viper
  version: 651d9d916abc3c3d6a91a12549495caba5edffd2
- name: github.com/Unknwon/com
  version: 28b053d5a2923b87ce8c5a08f3af779894a72758
- name: golang.org/x/crypto
  version: 3760e016850398b85094c4c99e955b8c3dea5711
  subpackages:
  - cast5
  - openpgp
  - openpgp/armor
  - openpgp/elgamal
  - openpgp/errors
  - openpgp/packet
  - openpgp/s2k
- name: golang.org/x/net
  version: 4876518f9e71663000c348837735820161a42df7
  subpackages:
  - context
  - proxy
- name: golang.org/x/sys
  version: 62bee037599929a6e9146f29d10dd5208c43507d
  subpackages:
  - unix
  - windows
- name: golang.org/x/text
  version: 4ea6c073aae78d08c7e95e95aa7f55b888287d6f
  subpackages:
  - transform
  - unicode/norm
- name: gopkg.in/ini.v1
  version: 6e4869b434bd001f6983749881c7ead3545887d8
- name: gopkg.in/macaron.v1
  version: 826ddf13862c544525338a2deda6f57ffd1a9083
- name: gopkg.in/yaml.v2
  version: a5b47d31c556af34a302ce5d659e6fea44d90de0
testImports:
- name: github.com/stretchr/testify
  version: ""
  subpackages:
  - assert
